
Microsoft Visual Studio Solution File, Format Version 12.00
# Visual Studio 15
VisualStudioVersion = 15.0.28010.2050
MinimumVisualStudioVersion = 10.0.40219.1
Project("{8BC9CEB8-8B4A-11D0-8D11-00A0C91BC942}") = "Chap14_PWG", "Chap14_PWG\Chap14_PWG.vcxproj", "{F7A4D2BA-7F87-452C-85F4-B8F9CF34E493}"
EndProject
Global
	GlobalSection(SolutionConfigurationPlatforms) = preSolution
		Debug|x64 = Debug|x64
		Debug|x86 = Debug|x86
		Release|x64 = Release|x64
		Release|x86 = Release|x86
	EndGlobalSection
	GlobalSection(ProjectConfigurationPlatforms) = postSolution
		{F7A4D2BA-7F87-452C-85F4-B8F9CF34E493}.Debug|x64.ActiveCfg = Debug|x64
		{F7A4D2BA-7F87-452C-85F4-B8F9CF34E493}.Debug|x64.Build.0 = Debug|x64
		{F7A4D2BA-7F87-452C-85F4-B8F9CF34E493}.Debug|x86.ActiveCfg = Debug|Win32
		{F7A4D2BA-7F87-452C-85F4-B8F9CF34E493}.Debug|x86.Build.0 = Debug|Win32
		{F7A4D2BA-7F87-452C-85F4-B8F9CF34E493}.Release|x64.ActiveCfg = Release|x64
		{F7A4D2BA-7F87-452C-85F4-B8F9CF34E493}.Release|x64.Build.0 = Release|x64
		{F7A4D2BA-7F87-452C-85F4-B8F9CF34E493}.Release|x86.ActiveCfg = Release|Win32
		{F7A4D2BA-7F87-452C-85F4-B8F9CF34E493}.Release|x86.Build.0 = Release|Win32
	EndGlobalSection
	GlobalSection(SolutionProperties) = preSolution
		HideSolutionNode = FALSE
	EndGlobalSection
	GlobalSection(ExtensibilityGlobals) = postSolution
		SolutionGuid = {A19E9F0A-34D9-494A-93BF-99A349CF5482}
	EndGlobalSection
EndGlobal
