
Microsoft Visual Studio Solution File, Format Version 12.00
# Visual Studio 15
VisualStudioVersion = 15.0.28010.2050
MinimumVisualStudioVersion = 10.0.40219.1
Project("{8BC9CEB8-8B4A-11D0-8D11-00A0C91BC942}") = "Chap11_PWG", "Chap11_PWG\Chap11_PWG.vcxproj", "{CFC027A4-6839-47A3-B9E5-A769D851A9DD}"
EndProject
Project("{8BC9CEB8-8B4A-11D0-8D11-00A0C91BC942}") = "CalculaterDll", "CalculaterDll\CalculaterDll.vcxproj", "{E314EB4F-5FE5-4E0C-BC78-26934C528F32}"
EndProject
Global
	GlobalSection(SolutionConfigurationPlatforms) = preSolution
		Debug|x64 = Debug|x64
		Debug|x86 = Debug|x86
		Release|x64 = Release|x64
		Release|x86 = Release|x86
	EndGlobalSection
	GlobalSection(ProjectConfigurationPlatforms) = postSolution
		{CFC027A4-6839-47A3-B9E5-A769D851A9DD}.Debug|x64.ActiveCfg = Debug|x64
		{CFC027A4-6839-47A3-B9E5-A769D851A9DD}.Debug|x64.Build.0 = Debug|x64
		{CFC027A4-6839-47A3-B9E5-A769D851A9DD}.Debug|x86.ActiveCfg = Debug|Win32
		{CFC027A4-6839-47A3-B9E5-A769D851A9DD}.Debug|x86.Build.0 = Debug|Win32
		{CFC027A4-6839-47A3-B9E5-A769D851A9DD}.Release|x64.ActiveCfg = Release|x64
		{CFC027A4-6839-47A3-B9E5-A769D851A9DD}.Release|x64.Build.0 = Release|x64
		{CFC027A4-6839-47A3-B9E5-A769D851A9DD}.Release|x86.ActiveCfg = Release|Win32
		{CFC027A4-6839-47A3-B9E5-A769D851A9DD}.Release|x86.Build.0 = Release|Win32
		{E314EB4F-5FE5-4E0C-BC78-26934C528F32}.Debug|x64.ActiveCfg = Debug|x64
		{E314EB4F-5FE5-4E0C-BC78-26934C528F32}.Debug|x64.Build.0 = Debug|x64
		{E314EB4F-5FE5-4E0C-BC78-26934C528F32}.Debug|x86.ActiveCfg = Debug|Win32
		{E314EB4F-5FE5-4E0C-BC78-26934C528F32}.Debug|x86.Build.0 = Debug|Win32
		{E314EB4F-5FE5-4E0C-BC78-26934C528F32}.Release|x64.ActiveCfg = Release|x64
		{E314EB4F-5FE5-4E0C-BC78-26934C528F32}.Release|x64.Build.0 = Release|x64
		{E314EB4F-5FE5-4E0C-BC78-26934C528F32}.Release|x86.ActiveCfg = Release|Win32
		{E314EB4F-5FE5-4E0C-BC78-26934C528F32}.Release|x86.Build.0 = Release|Win32
	EndGlobalSection
	GlobalSection(SolutionProperties) = preSolution
		HideSolutionNode = FALSE
	EndGlobalSection
	GlobalSection(ExtensibilityGlobals) = postSolution
		SolutionGuid = {0A39F795-5A06-472B-AA18-70250DBFD9F4}
	EndGlobalSection
EndGlobal
